
Microsoft Visual Studio Solution File, Format Version 12.00
# Visual Studio Version 17
VisualStudioVersion = 17.2.32602.215
MinimumVisualStudioVersion = 10.0.40219.1
Project("{FAE04EC0-301F-11D3-BF4B-00C04F79EFBC}") = "bookshop", "bookshop.csproj", "{EB2CE521-A200-408C-975B-CD990A6F3297}"
EndProject
Global
	GlobalSection(SolutionConfigurationPlatforms) = preSolution
		Debug|Any CPU = Debug|Any CPU
		Release|Any CPU = Release|Any CPU
	EndGlobalSection
	GlobalSection(ProjectConfigurationPlatforms) = postSolution
		{EB2CE521-A200-408C-975B-CD990A6F3297}.Debug|Any CPU.ActiveCfg = Debug|Any CPU
		{EB2CE521-A200-408C-975B-CD990A6F3297}.Debug|Any CPU.Build.0 = Debug|Any CPU
		{EB2CE521-A200-408C-975B-CD990A6F3297}.Release|Any CPU.ActiveCfg = Release|Any CPU
		{EB2CE521-A200-408C-975B-CD990A6F3297}.Release|Any CPU.Build.0 = Release|Any CPU
	EndGlobalSection
	GlobalSection(SolutionProperties) = preSolution
		HideSolutionNode = FALSE
	EndGlobalSection
	GlobalSection(ExtensibilityGlobals) = postSolution
		SolutionGuid = {81698D4A-634E-4651-AD5E-C95F0D1A00B1}
	EndGlobalSection
EndGlobal
